
Microsoft Visual Studio Solution File, Format Version 12.00
# Visual Studio Version 17
VisualStudioVersion = 17.7.34031.279
MinimumVisualStudioVersion = 10.0.40219.1
Project("{8BC9CEB8-8B4A-11D0-8D11-00A0C91BC942}") = "16.4_glue", "16.4_glue.vcxproj", "{50754D58-2B4B-408A-BB6A-3A84A6E9DD2C}"
EndProject
Global
	GlobalSection(SolutionConfigurationPlatforms) = preSolution
		Debug|x64 = Debug|x64
		Debug|x86 = Debug|x86
		Release|x64 = Release|x64
		Release|x86 = Release|x86
	EndGlobalSection
	GlobalSection(ProjectConfigurationPlatforms) = postSolution
		{50754D58-2B4B-408A-BB6A-3A84A6E9DD2C}.Debug|x64.ActiveCfg = Debug|x64
		{50754D58-2B4B-408A-BB6A-3A84A6E9DD2C}.Debug|x64.Build.0 = Debug|x64
		{50754D58-2B4B-408A-BB6A-3A84A6E9DD2C}.Debug|x86.ActiveCfg = Debug|Win32
		{50754D58-2B4B-408A-BB6A-3A84A6E9DD2C}.Debug|x86.Build.0 = Debug|Win32
		{50754D58-2B4B-408A-BB6A-3A84A6E9DD2C}.Release|x64.ActiveCfg = Release|x64
		{50754D58-2B4B-408A-BB6A-3A84A6E9DD2C}.Release|x64.Build.0 = Release|x64
		{50754D58-2B4B-408A-BB6A-3A84A6E9DD2C}.Release|x86.ActiveCfg = Release|Win32
		{50754D58-2B4B-408A-BB6A-3A84A6E9DD2C}.Release|x86.Build.0 = Release|Win32
	EndGlobalSection
	GlobalSection(SolutionProperties) = preSolution
		HideSolutionNode = FALSE
	EndGlobalSection
	GlobalSection(ExtensibilityGlobals) = postSolution
		SolutionGuid = {1DB4654F-6A16-4B40-B8D7-F4B7F15AC0A3}
	EndGlobalSection
EndGlobal
