
Microsoft Visual Studio Solution File, Format Version 12.00
# Visual Studio Version 17
VisualStudioVersion = 17.6.33829.357
MinimumVisualStudioVersion = 10.0.40219.1
Project("{8BC9CEB8-8B4A-11D0-8D11-00A0C91BC942}") = "6.7_truth", "6.7_truth.vcxproj", "{C745E38F-632C-412C-83BD-7995E836CCD0}"
EndProject
Global
	GlobalSection(SolutionConfigurationPlatforms) = preSolution
		Debug|x64 = Debug|x64
		Debug|x86 = Debug|x86
		Release|x64 = Release|x64
		Release|x86 = Release|x86
	EndGlobalSection
	GlobalSection(ProjectConfigurationPlatforms) = postSolution
		{C745E38F-632C-412C-83BD-7995E836CCD0}.Debug|x64.ActiveCfg = Debug|x64
		{C745E38F-632C-412C-83BD-7995E836CCD0}.Debug|x64.Build.0 = Debug|x64
		{C745E38F-632C-412C-83BD-7995E836CCD0}.Debug|x86.ActiveCfg = Debug|Win32
		{C745E38F-632C-412C-83BD-7995E836CCD0}.Debug|x86.Build.0 = Debug|Win32
		{C745E38F-632C-412C-83BD-7995E836CCD0}.Release|x64.ActiveCfg = Release|x64
		{C745E38F-632C-412C-83BD-7995E836CCD0}.Release|x64.Build.0 = Release|x64
		{C745E38F-632C-412C-83BD-7995E836CCD0}.Release|x86.ActiveCfg = Release|Win32
		{C745E38F-632C-412C-83BD-7995E836CCD0}.Release|x86.Build.0 = Release|Win32
	EndGlobalSection
	GlobalSection(SolutionProperties) = preSolution
		HideSolutionNode = FALSE
	EndGlobalSection
	GlobalSection(ExtensibilityGlobals) = postSolution
		SolutionGuid = {E19AAFE8-610E-447B-9D17-4803559C5332}
	EndGlobalSection
EndGlobal
