
Microsoft Visual Studio Solution File, Format Version 12.00
# Visual Studio Version 17
VisualStudioVersion = 17.6.33829.357
MinimumVisualStudioVersion = 10.0.40219.1
Project("{8BC9CEB8-8B4A-11D0-8D11-00A0C91BC942}") = "fle_for", "fle_for.vcxproj", "{50A31991-8BD4-4DE8-93CC-4E84F9C663D4}"
EndProject
Global
	GlobalSection(SolutionConfigurationPlatforms) = preSolution
		Debug|x64 = Debug|x64
		Debug|x86 = Debug|x86
		Release|x64 = Release|x64
		Release|x86 = Release|x86
	EndGlobalSection
	GlobalSection(ProjectConfigurationPlatforms) = postSolution
		{50A31991-8BD4-4DE8-93CC-4E84F9C663D4}.Debug|x64.ActiveCfg = Debug|x64
		{50A31991-8BD4-4DE8-93CC-4E84F9C663D4}.Debug|x64.Build.0 = Debug|x64
		{50A31991-8BD4-4DE8-93CC-4E84F9C663D4}.Debug|x86.ActiveCfg = Debug|Win32
		{50A31991-8BD4-4DE8-93CC-4E84F9C663D4}.Debug|x86.Build.0 = Debug|Win32
		{50A31991-8BD4-4DE8-93CC-4E84F9C663D4}.Release|x64.ActiveCfg = Release|x64
		{50A31991-8BD4-4DE8-93CC-4E84F9C663D4}.Release|x64.Build.0 = Release|x64
		{50A31991-8BD4-4DE8-93CC-4E84F9C663D4}.Release|x86.ActiveCfg = Release|Win32
		{50A31991-8BD4-4DE8-93CC-4E84F9C663D4}.Release|x86.Build.0 = Release|Win32
	EndGlobalSection
	GlobalSection(SolutionProperties) = preSolution
		HideSolutionNode = FALSE
	EndGlobalSection
	GlobalSection(ExtensibilityGlobals) = postSolution
		SolutionGuid = {538116BB-8EDF-4126-B7C9-A7EBF539B89C}
	EndGlobalSection
EndGlobal
