
Microsoft Visual Studio Solution File, Format Version 12.00
# Visual Studio Version 17
VisualStudioVersion = 17.6.33829.357
MinimumVisualStudioVersion = 10.0.40219.1
Project("{8BC9CEB8-8B4A-11D0-8D11-00A0C91BC942}") = "6.1_summing", "6.1_summing.vcxproj", "{2827B012-771E-4EF3-B7F2-E3F3E88CBCFC}"
EndProject
Global
	GlobalSection(SolutionConfigurationPlatforms) = preSolution
		Debug|x64 = Debug|x64
		Debug|x86 = Debug|x86
		Release|x64 = Release|x64
		Release|x86 = Release|x86
	EndGlobalSection
	GlobalSection(ProjectConfigurationPlatforms) = postSolution
		{2827B012-771E-4EF3-B7F2-E3F3E88CBCFC}.Debug|x64.ActiveCfg = Debug|x64
		{2827B012-771E-4EF3-B7F2-E3F3E88CBCFC}.Debug|x64.Build.0 = Debug|x64
		{2827B012-771E-4EF3-B7F2-E3F3E88CBCFC}.Debug|x86.ActiveCfg = Debug|Win32
		{2827B012-771E-4EF3-B7F2-E3F3E88CBCFC}.Debug|x86.Build.0 = Debug|Win32
		{2827B012-771E-4EF3-B7F2-E3F3E88CBCFC}.Release|x64.ActiveCfg = Release|x64
		{2827B012-771E-4EF3-B7F2-E3F3E88CBCFC}.Release|x64.Build.0 = Release|x64
		{2827B012-771E-4EF3-B7F2-E3F3E88CBCFC}.Release|x86.ActiveCfg = Release|Win32
		{2827B012-771E-4EF3-B7F2-E3F3E88CBCFC}.Release|x86.Build.0 = Release|Win32
	EndGlobalSection
	GlobalSection(SolutionProperties) = preSolution
		HideSolutionNode = FALSE
	EndGlobalSection
	GlobalSection(ExtensibilityGlobals) = postSolution
		SolutionGuid = {68537CE8-E535-433C-BC85-B799F50BDCFE}
	EndGlobalSection
EndGlobal
