
Microsoft Visual Studio Solution File, Format Version 12.00
# Visual Studio Version 17
VisualStudioVersion = 17.6.33829.357
MinimumVisualStudioVersion = 10.0.40219.1
Project("{8BC9CEB8-8B4A-11D0-8D11-00A0C91BC942}") = "practise", "practise.vcxproj", "{050C3425-D8F3-409E-BBA9-8EC6E6F5D0D9}"
EndProject
Global
	GlobalSection(SolutionConfigurationPlatforms) = preSolution
		Debug|x64 = Debug|x64
		Debug|x86 = Debug|x86
		Release|x64 = Release|x64
		Release|x86 = Release|x86
	EndGlobalSection
	GlobalSection(ProjectConfigurationPlatforms) = postSolution
		{050C3425-D8F3-409E-BBA9-8EC6E6F5D0D9}.Debug|x64.ActiveCfg = Debug|x64
		{050C3425-D8F3-409E-BBA9-8EC6E6F5D0D9}.Debug|x64.Build.0 = Debug|x64
		{050C3425-D8F3-409E-BBA9-8EC6E6F5D0D9}.Debug|x86.ActiveCfg = Debug|Win32
		{050C3425-D8F3-409E-BBA9-8EC6E6F5D0D9}.Debug|x86.Build.0 = Debug|Win32
		{050C3425-D8F3-409E-BBA9-8EC6E6F5D0D9}.Release|x64.ActiveCfg = Release|x64
		{050C3425-D8F3-409E-BBA9-8EC6E6F5D0D9}.Release|x64.Build.0 = Release|x64
		{050C3425-D8F3-409E-BBA9-8EC6E6F5D0D9}.Release|x86.ActiveCfg = Release|Win32
		{050C3425-D8F3-409E-BBA9-8EC6E6F5D0D9}.Release|x86.Build.0 = Release|Win32
	EndGlobalSection
	GlobalSection(SolutionProperties) = preSolution
		HideSolutionNode = FALSE
	EndGlobalSection
	GlobalSection(ExtensibilityGlobals) = postSolution
		SolutionGuid = {ABEE7384-6F6D-41F5-9942-2136E19F2E54}
	EndGlobalSection
EndGlobal
