
Microsoft Visual Studio Solution File, Format Version 12.00
# Visual Studio Version 17
VisualStudioVersion = 17.7.34024.191
MinimumVisualStudioVersion = 10.0.40219.1
Project("{8BC9CEB8-8B4A-11D0-8D11-00A0C91BC942}") = "10.17_array2d", "10.17_array2d.vcxproj", "{11FE2203-69D2-439A-87A3-0AE3351BFC84}"
EndProject
Global
	GlobalSection(SolutionConfigurationPlatforms) = preSolution
		Debug|x64 = Debug|x64
		Debug|x86 = Debug|x86
		Release|x64 = Release|x64
		Release|x86 = Release|x86
	EndGlobalSection
	GlobalSection(ProjectConfigurationPlatforms) = postSolution
		{11FE2203-69D2-439A-87A3-0AE3351BFC84}.Debug|x64.ActiveCfg = Debug|x64
		{11FE2203-69D2-439A-87A3-0AE3351BFC84}.Debug|x64.Build.0 = Debug|x64
		{11FE2203-69D2-439A-87A3-0AE3351BFC84}.Debug|x86.ActiveCfg = Debug|Win32
		{11FE2203-69D2-439A-87A3-0AE3351BFC84}.Debug|x86.Build.0 = Debug|Win32
		{11FE2203-69D2-439A-87A3-0AE3351BFC84}.Release|x64.ActiveCfg = Release|x64
		{11FE2203-69D2-439A-87A3-0AE3351BFC84}.Release|x64.Build.0 = Release|x64
		{11FE2203-69D2-439A-87A3-0AE3351BFC84}.Release|x86.ActiveCfg = Release|Win32
		{11FE2203-69D2-439A-87A3-0AE3351BFC84}.Release|x86.Build.0 = Release|Win32
	EndGlobalSection
	GlobalSection(SolutionProperties) = preSolution
		HideSolutionNode = FALSE
	EndGlobalSection
	GlobalSection(ExtensibilityGlobals) = postSolution
		SolutionGuid = {F477B0A1-3CF8-442A-9CA7-B35DF1E71C84}
	EndGlobalSection
EndGlobal
