
Microsoft Visual Studio Solution File, Format Version 12.00
# Visual Studio Version 17
VisualStudioVersion = 17.7.34024.191
MinimumVisualStudioVersion = 10.0.40219.1
Project("{8BC9CEB8-8B4A-11D0-8D11-00A0C91BC942}") = "14.1_book", "14.1_book.vcxproj", "{BB53D630-417C-4EB1-A21A-43AE6C9B11BA}"
EndProject
Global
	GlobalSection(SolutionConfigurationPlatforms) = preSolution
		Debug|x64 = Debug|x64
		Debug|x86 = Debug|x86
		Release|x64 = Release|x64
		Release|x86 = Release|x86
	EndGlobalSection
	GlobalSection(ProjectConfigurationPlatforms) = postSolution
		{BB53D630-417C-4EB1-A21A-43AE6C9B11BA}.Debug|x64.ActiveCfg = Debug|x64
		{BB53D630-417C-4EB1-A21A-43AE6C9B11BA}.Debug|x64.Build.0 = Debug|x64
		{BB53D630-417C-4EB1-A21A-43AE6C9B11BA}.Debug|x86.ActiveCfg = Debug|Win32
		{BB53D630-417C-4EB1-A21A-43AE6C9B11BA}.Debug|x86.Build.0 = Debug|Win32
		{BB53D630-417C-4EB1-A21A-43AE6C9B11BA}.Release|x64.ActiveCfg = Release|x64
		{BB53D630-417C-4EB1-A21A-43AE6C9B11BA}.Release|x64.Build.0 = Release|x64
		{BB53D630-417C-4EB1-A21A-43AE6C9B11BA}.Release|x86.ActiveCfg = Release|Win32
		{BB53D630-417C-4EB1-A21A-43AE6C9B11BA}.Release|x86.Build.0 = Release|Win32
	EndGlobalSection
	GlobalSection(SolutionProperties) = preSolution
		HideSolutionNode = FALSE
	EndGlobalSection
	GlobalSection(ExtensibilityGlobals) = postSolution
		SolutionGuid = {00A2C66F-E9A1-49B8-A5DC-BB42F4F232DF}
	EndGlobalSection
EndGlobal
