
Microsoft Visual Studio Solution File, Format Version 12.00
# Visual Studio Version 17
VisualStudioVersion = 17.6.33829.357
MinimumVisualStudioVersion = 10.0.40219.1
Project("{8BC9CEB8-8B4A-11D0-8D11-00A0C91BC942}") = "4.1_talkback", "4.1_talkback.vcxproj", "{015B8B32-6288-4753-9358-C43C20F6DED2}"
EndProject
Global
	GlobalSection(SolutionConfigurationPlatforms) = preSolution
		Debug|x64 = Debug|x64
		Debug|x86 = Debug|x86
		Release|x64 = Release|x64
		Release|x86 = Release|x86
	EndGlobalSection
	GlobalSection(ProjectConfigurationPlatforms) = postSolution
		{015B8B32-6288-4753-9358-C43C20F6DED2}.Debug|x64.ActiveCfg = Debug|x64
		{015B8B32-6288-4753-9358-C43C20F6DED2}.Debug|x64.Build.0 = Debug|x64
		{015B8B32-6288-4753-9358-C43C20F6DED2}.Debug|x86.ActiveCfg = Debug|Win32
		{015B8B32-6288-4753-9358-C43C20F6DED2}.Debug|x86.Build.0 = Debug|Win32
		{015B8B32-6288-4753-9358-C43C20F6DED2}.Release|x64.ActiveCfg = Release|x64
		{015B8B32-6288-4753-9358-C43C20F6DED2}.Release|x64.Build.0 = Release|x64
		{015B8B32-6288-4753-9358-C43C20F6DED2}.Release|x86.ActiveCfg = Release|Win32
		{015B8B32-6288-4753-9358-C43C20F6DED2}.Release|x86.Build.0 = Release|Win32
	EndGlobalSection
	GlobalSection(SolutionProperties) = preSolution
		HideSolutionNode = FALSE
	EndGlobalSection
	GlobalSection(ExtensibilityGlobals) = postSolution
		SolutionGuid = {3D1B5059-04EB-4F71-93C4-B0A7F1A2083E}
	EndGlobalSection
EndGlobal
