
Microsoft Visual Studio Solution File, Format Version 12.00
# Visual Studio Version 17
VisualStudioVersion = 17.7.34009.444
MinimumVisualStudioVersion = 10.0.40219.1
Project("{8BC9CEB8-8B4A-11D0-8D11-00A0C91BC942}") = "7.8_paint", "7.8_paint.vcxproj", "{5AF4213E-A14E-468B-98D0-AC8BE2E29368}"
EndProject
Global
	GlobalSection(SolutionConfigurationPlatforms) = preSolution
		Debug|x64 = Debug|x64
		Debug|x86 = Debug|x86
		Release|x64 = Release|x64
		Release|x86 = Release|x86
	EndGlobalSection
	GlobalSection(ProjectConfigurationPlatforms) = postSolution
		{5AF4213E-A14E-468B-98D0-AC8BE2E29368}.Debug|x64.ActiveCfg = Debug|x64
		{5AF4213E-A14E-468B-98D0-AC8BE2E29368}.Debug|x64.Build.0 = Debug|x64
		{5AF4213E-A14E-468B-98D0-AC8BE2E29368}.Debug|x86.ActiveCfg = Debug|Win32
		{5AF4213E-A14E-468B-98D0-AC8BE2E29368}.Debug|x86.Build.0 = Debug|Win32
		{5AF4213E-A14E-468B-98D0-AC8BE2E29368}.Release|x64.ActiveCfg = Release|x64
		{5AF4213E-A14E-468B-98D0-AC8BE2E29368}.Release|x64.Build.0 = Release|x64
		{5AF4213E-A14E-468B-98D0-AC8BE2E29368}.Release|x86.ActiveCfg = Release|Win32
		{5AF4213E-A14E-468B-98D0-AC8BE2E29368}.Release|x86.Build.0 = Release|Win32
	EndGlobalSection
	GlobalSection(SolutionProperties) = preSolution
		HideSolutionNode = FALSE
	EndGlobalSection
	GlobalSection(ExtensibilityGlobals) = postSolution
		SolutionGuid = {84034859-E437-47C3-8CC7-4E881BFFEF7E}
	EndGlobalSection
EndGlobal
